// !$*UTF8*$!
{
	archiveVersion = 1;
	classes = {
	};
	objectVersion = 46;
	objects = {

/* Begin PBXBuildFile section */
		AAFC36391D6D1AC9003AAA5D /* main.m in Sources */ = {isa = PBXBuildFile; fileRef = AAFC36381D6D1AC9003AAA5D /* main.m */; };
		AAFC363C1D6D1AC9003AAA5D /* AppDelegate.m in Sources */ = {isa = PBXBuildFile; fileRef = AAFC363B1D6D1AC9003AAA5D /* AppDelegate.m */; };
		AAFC363F1D6D1AC9003AAA5D /* ExpensesView.m in Sources */ = {isa = PBXBuildFile; fileRef = AAFC363E1D6D1AC9003AAA5D /* ExpensesView.m */; };
		AAFC36421D6D1AC9003AAA5D /* Main.storyboard in Resources */ = {isa = PBXBuildFile; fileRef = AAFC36401D6D1AC9003AAA5D /* Main.storyboard */; };
		AAFC36451D6D1AC9003AAA5D /* GastoHormiga.xcdatamodeld in Sources */ = {isa = PBXBuildFile; fileRef = AAFC36431D6D1AC9003AAA5D /* GastoHormiga.xcdatamodeld */; };
		AAFC36471D6D1AC9003AAA5D /* Assets.xcassets in Resources */ = {isa = PBXBuildFile; fileRef = AAFC36461D6D1AC9003AAA5D /* Assets.xcassets */; };
		AAFC364A1D6D1AC9003AAA5D /* LaunchScreen.storyboard in Resources */ = {isa = PBXBuildFile; fileRef = AAFC36481D6D1AC9003AAA5D /* LaunchScreen.storyboard */; };
		AAFC36571D6D1E65003AAA5D /* Start.m in Sources */ = {isa = PBXBuildFile; fileRef = AAFC36561D6D1E65003AAA5D /* Start.m */; };
		AAFC365A1D6D1EB2003AAA5D /* AddExpensesView.m in Sources */ = {isa = PBXBuildFile; fileRef = AAFC36591D6D1EB2003AAA5D /* AddExpensesView.m */; };
		AAFC365D1D6D20A1003AAA5D /* DBManager.m in Sources */ = {isa = PBXBuildFile; fileRef = AAFC365C1D6D20A1003AAA5D /* DBManager.m */; };
		AAFC36611D6D25F7003AAA5D /* BackgroundLayer.m in Sources */ = {isa = PBXBuildFile; fileRef = AAFC36601D6D25F7003AAA5D /* BackgroundLayer.m */; };
		AAFC36631D6D2B9D003AAA5D /* gastoHormiga.sql in Resources */ = {isa = PBXBuildFile; fileRef = AAFC36621D6D2B9D003AAA5D /* gastoHormiga.sql */; };
		AAFC36651D6D2CDF003AAA5D /* libsqlite3.tbd in Frameworks */ = {isa = PBXBuildFile; fileRef = AAFC36641D6D2CDF003AAA5D /* libsqlite3.tbd */; };
/* End PBXBuildFile section */

/* Begin PBXFileReference section */
		AAFC36341D6D1AC8003AAA5D /* GastoHormiga.app */ = {isa = PBXFileReference; explicitFileType = wrapper.application; includeInIndex = 0; path = GastoHormiga.app; sourceTree = BUILT_PRODUCTS_DIR; };
		AAFC36381D6D1AC9003AAA5D /* main.m */ = {isa = PBXFileReference; lastKnownFileType = sourcecode.c.objc; path = main.m; sourceTree = "<group>"; };
		AAFC363A1D6D1AC9003AAA5D /* AppDelegate.h */ = {isa = PBXFileReference; lastKnownFileType = sourcecode.c.h; path = AppDelegate.h; sourceTree = "<group>"; };
		AAFC363B1D6D1AC9003AAA5D /* AppDelegate.m */ = {isa = PBXFileReference; lastKnownFileType = sourcecode.c.objc; path = AppDelegate.m; sourceTree = "<group>"; };
		AAFC363D1D6D1AC9003AAA5D /* ExpensesView.h */ = {isa = PBXFileReference; lastKnownFileType = sourcecode.c.h; path = ExpensesView.h; sourceTree = "<group>"; };
		AAFC363E1D6D1AC9003AAA5D /* ExpensesView.m */ = {isa = PBXFileReference; lastKnownFileType = sourcecode.c.objc; path = ExpensesView.m; sourceTree = "<group>"; };
		AAFC36411D6D1AC9003AAA5D /* Base */ = {isa = PBXFileReference; lastKnownFileType = file.storyboard; name = Base; path = Base.lproj/Main.storyboard; sourceTree = "<group>"; };
		AAFC36441D6D1AC9003AAA5D /* GastoHormiga.xcdatamodel */ = {isa = PBXFileReference; lastKnownFileType = wrapper.xcdatamodel; path = GastoHormiga.xcdatamodel; sourceTree = "<group>"; };
		AAFC36461D6D1AC9003AAA5D /* Assets.xcassets */ = {isa = PBXFileReference; lastKnownFileType = folder.assetcatalog; path = Assets.xcassets; sourceTree = "<group>"; };
		AAFC36491D6D1AC9003AAA5D /* Base */ = {isa = PBXFileReference; lastKnownFileType = file.storyboard; name = Base; path = Base.lproj/LaunchScreen.storyboard; sourceTree = "<group>"; };
		AAFC364B1D6D1AC9003AAA5D /* Info.plist */ = {isa = PBXFileReference; lastKnownFileType = text.plist.xml; path = Info.plist; sourceTree = "<group>"; };
		AAFC36551D6D1E65003AAA5D /* Start.h */ = {isa = PBXFileReference; fileEncoding = 4; lastKnownFileType = sourcecode.c.h; path = Start.h; sourceTree = "<group>"; };
		AAFC36561D6D1E65003AAA5D /* Start.m */ = {isa = PBXFileReference; fileEncoding = 4; lastKnownFileType = sourcecode.c.objc; path = Start.m; sourceTree = "<group>"; };
		AAFC36581D6D1EB2003AAA5D /* AddExpensesView.h */ = {isa = PBXFileReference; fileEncoding = 4; lastKnownFileType = sourcecode.c.h; path = AddExpensesView.h; sourceTree = "<group>"; };
		AAFC36591D6D1EB2003AAA5D /* AddExpensesView.m */ = {isa = PBXFileReference; fileEncoding = 4; lastKnownFileType = sourcecode.c.objc; path = AddExpensesView.m; sourceTree = "<group>"; };
		AAFC365B1D6D20A1003AAA5D /* DBManager.h */ = {isa = PBXFileReference; fileEncoding = 4; lastKnownFileType = sourcecode.c.h; path = DBManager.h; sourceTree = "<group>"; };
		AAFC365C1D6D20A1003AAA5D /* DBManager.m */ = {isa = PBXFileReference; fileEncoding = 4; lastKnownFileType = sourcecode.c.objc; path = DBManager.m; sourceTree = "<group>"; };
		AAFC365F1D6D25F7003AAA5D /* BackgroundLayer.h */ = {isa = PBXFileReference; fileEncoding = 4; lastKnownFileType = sourcecode.c.h; path = BackgroundLayer.h; sourceTree = "<group>"; };
		AAFC36601D6D25F7003AAA5D /* BackgroundLayer.m */ = {isa = PBXFileReference; fileEncoding = 4; lastKnownFileType = sourcecode.c.objc; path = BackgroundLayer.m; sourceTree = "<group>"; };
		AAFC36621D6D2B9D003AAA5D /* gastoHormiga.sql */ = {isa = PBXFileReference; lastKnownFileType = file; path = gastoHormiga.sql; sourceTree = SOURCE_ROOT; };
		AAFC36641D6D2CDF003AAA5D /* libsqlite3.tbd */ = {isa = PBXFileReference; lastKnownFileType = "sourcecode.text-based-dylib-definition"; name = libsqlite3.tbd; path = usr/lib/libsqlite3.tbd; sourceTree = SDKROOT; };
/* End PBXFileReference section */

/* Begin PBXFrameworksBuildPhase section */
		AAFC36311D6D1AC8003AAA5D /* Frameworks */ = {
			isa = PBXFrameworksBuildPhase;
			buildActionMask = 2147483647;
			files = (
				AAFC36651D6D2CDF003AAA5D /* libsqlite3.tbd in Frameworks */,
			);
			runOnlyForDeploymentPostprocessing = 0;
		};
/* End PBXFrameworksBuildPhase section */

/* Begin PBXGroup section */
		AAFC362B1D6D1AC8003AAA5D = {
			isa = PBXGroup;
			children = (
				AAFC36641D6D2CDF003AAA5D /* libsqlite3.tbd */,
				AAFC36361D6D1AC9003AAA5D /* GastoHormiga */,
				AAFC36351D6D1AC8003AAA5D /* Products */,
			);
			sourceTree = "<group>";
		};
		AAFC36351D6D1AC8003AAA5D /* Products */ = {
			isa = PBXGroup;
			children = (
				AAFC36341D6D1AC8003AAA5D /* GastoHormiga.app */,
			);
			name = Products;
			sourceTree = "<group>";
		};
		AAFC36361D6D1AC9003AAA5D /* GastoHormiga */ = {
			isa = PBXGroup;
			children = (
				AAFC365E1D6D2572003AAA5D /* Utils */,
				AAFC36541D6D1CA0003AAA5D /* Cells */,
				AAFC36531D6D1C96003AAA5D /* Database */,
				AAFC36521D6D1C8B003AAA5D /* Main */,
				AAFC36511D6D1C4E003AAA5D /* Controllers */,
				AAFC36401D6D1AC9003AAA5D /* Main.storyboard */,
				AAFC36461D6D1AC9003AAA5D /* Assets.xcassets */,
				AAFC36481D6D1AC9003AAA5D /* LaunchScreen.storyboard */,
				AAFC364B1D6D1AC9003AAA5D /* Info.plist */,
				AAFC36431D6D1AC9003AAA5D /* GastoHormiga.xcdatamodeld */,
				AAFC36371D6D1AC9003AAA5D /* Supporting Files */,
			);
			path = GastoHormiga;
			sourceTree = "<group>";
		};
		AAFC36371D6D1AC9003AAA5D /* Supporting Files */ = {
			isa = PBXGroup;
			children = (
				AAFC36381D6D1AC9003AAA5D /* main.m */,
			);
			name = "Supporting Files";
			sourceTree = "<group>";
		};
		AAFC36511D6D1C4E003AAA5D /* Controllers */ = {
			isa = PBXGroup;
			children = (
				AAFC36551D6D1E65003AAA5D /* Start.h */,
				AAFC36561D6D1E65003AAA5D /* Start.m */,
				AAFC363D1D6D1AC9003AAA5D /* ExpensesView.h */,
				AAFC363E1D6D1AC9003AAA5D /* ExpensesView.m */,
				AAFC36581D6D1EB2003AAA5D /* AddExpensesView.h */,
				AAFC36591D6D1EB2003AAA5D /* AddExpensesView.m */,
			);
			name = Controllers;
			sourceTree = "<group>";
		};
		AAFC36521D6D1C8B003AAA5D /* Main */ = {
			isa = PBXGroup;
			children = (
				AAFC363A1D6D1AC9003AAA5D /* AppDelegate.h */,
				AAFC363B1D6D1AC9003AAA5D /* AppDelegate.m */,
			);
			name = Main;
			sourceTree = "<group>";
		};
		AAFC36531D6D1C96003AAA5D /* Database */ = {
			isa = PBXGroup;
			children = (
				AAFC36621D6D2B9D003AAA5D /* gastoHormiga.sql */,
				AAFC365B1D6D20A1003AAA5D /* DBManager.h */,
				AAFC365C1D6D20A1003AAA5D /* DBManager.m */,
			);
			name = Database;
			sourceTree = "<group>";
		};
		AAFC36541D6D1CA0003AAA5D /* Cells */ = {
			isa = PBXGroup;
			children = (
			);
			name = Cells;
			sourceTree = "<group>";
		};
		AAFC365E1D6D2572003AAA5D /* Utils */ = {
			isa = PBXGroup;
			children = (
				AAFC365F1D6D25F7003AAA5D /* BackgroundLayer.h */,
				AAFC36601D6D25F7003AAA5D /* BackgroundLayer.m */,
			);
			name = Utils;
			sourceTree = "<group>";
		};
/* End PBXGroup section */

/* Begin PBXNativeTarget section */
		AAFC36331D6D1AC8003AAA5D /* GastoHormiga */ = {
			isa = PBXNativeTarget;
			buildConfigurationList = AAFC364E1D6D1AC9003AAA5D /* Build configuration list for PBXNativeTarget "GastoHormiga" */;
			buildPhases = (
				AAFC36301D6D1AC8003AAA5D /* Sources */,
				AAFC36311D6D1AC8003AAA5D /* Frameworks */,
				AAFC36321D6D1AC8003AAA5D /* Resources */,
			);
			buildRules = (
			);
			dependencies = (
			);
			name = GastoHormiga;
			productName = GastoHormiga;
			productReference = AAFC36341D6D1AC8003AAA5D /* GastoHormiga.app */;
			productType = "com.apple.product-type.application";
		};
/* End PBXNativeTarget section */

/* Begin PBXProject section */
		AAFC362C1D6D1AC8003AAA5D /* Project object */ = {
			isa = PBXProject;
			attributes = {
				LastUpgradeCheck = 0730;
				ORGANIZATIONNAME = "Christian Barragan";
				TargetAttributes = {
					AAFC36331D6D1AC8003AAA5D = {
						CreatedOnToolsVersion = 7.3.1;
					};
				};
			};
			buildConfigurationList = AAFC362F1D6D1AC8003AAA5D /* Build configuration list for PBXProject "GastoHormiga" */;
			compatibilityVersion = "Xcode 3.2";
			developmentRegion = English;
			hasScannedForEncodings = 0;
			knownRegions = (
				en,
				Base,
			);
			mainGroup = AAFC362B1D6D1AC8003AAA5D;
			productRefGroup = AAFC36351D6D1AC8003AAA5D /* Products */;
			projectDirPath = "";
			projectRoot = "";
			targets = (
				AAFC36331D6D1AC8003AAA5D /* GastoHormiga */,
			);
		};
/* End PBXProject section */

/* Begin PBXResourcesBuildPhase section */
		AAFC36321D6D1AC8003AAA5D /* Resources */ = {
			isa = PBXResourcesBuildPhase;
			buildActionMask = 2147483647;
			files = (
				AAFC364A1D6D1AC9003AAA5D /* LaunchScreen.storyboard in Resources */,
				AAFC36471D6D1AC9003AAA5D /* Assets.xcassets in Resources */,
				AAFC36421D6D1AC9003AAA5D /* Main.storyboard in Resources */,
				AAFC36631D6D2B9D003AAA5D /* gastoHormiga.sql in Resources */,
			);
			runOnlyForDeploymentPostprocessing = 0;
		};
/* End PBXResourcesBuildPhase section */

/* Begin PBXSourcesBuildPhase section */
		AAFC36301D6D1AC8003AAA5D /* Sources */ = {
			isa = PBXSourcesBuildPhase;
			buildActionMask = 2147483647;
			files = (
				AAFC365D1D6D20A1003AAA5D /* DBManager.m in Sources */,
				AAFC36611D6D25F7003AAA5D /* BackgroundLayer.m in Sources */,
				AAFC363F1D6D1AC9003AAA5D /* ExpensesView.m in Sources */,
				AAFC365A1D6D1EB2003AAA5D /* AddExpensesView.m in Sources */,
				AAFC363C1D6D1AC9003AAA5D /* AppDelegate.m in Sources */,
				AAFC36571D6D1E65003AAA5D /* Start.m in Sources */,
				AAFC36451D6D1AC9003AAA5D /* GastoHormiga.xcdatamodeld in Sources */,
				AAFC36391D6D1AC9003AAA5D /* main.m in Sources */,
			);
			runOnlyForDeploymentPostprocessing = 0;
		};
/* End PBXSourcesBuildPhase section */

/* Begin PBXVariantGroup section */
		AAFC36401D6D1AC9003AAA5D /* Main.storyboard */ = {
			isa = PBXVariantGroup;
			children = (
				AAFC36411D6D1AC9003AAA5D /* Base */,
			);
			name = Main.storyboard;
			sourceTree = "<group>";
		};
		AAFC36481D6D1AC9003AAA5D /* LaunchScreen.storyboard */ = {
			isa = PBXVariantGroup;
			children = (
				AAFC36491D6D1AC9003AAA5D /* Base */,
			);
			name = LaunchScreen.storyboard;
			sourceTree = "<group>";
		};
/* End PBXVariantGroup section */

/* Begin XCBuildConfiguration section */
		AAFC364C1D6D1AC9003AAA5D /* Debug */ = {
			isa = XCBuildConfiguration;
			buildSettings = {
				ALWAYS_SEARCH_USER_PATHS = NO;
				CLANG_ANALYZER_NONNULL = YES;
				CLANG_CXX_LANGUAGE_STANDARD = "gnu++0x";
				CLANG_CXX_LIBRARY = "libc++";
				CLANG_ENABLE_MODULES = YES;
				CLANG_ENABLE_OBJC_ARC = YES;
				CLANG_WARN_BOOL_CONVERSION = YES;
				CLANG_WARN_CONSTANT_CONVERSION = YES;
				CLANG_WARN_DIRECT_OBJC_ISA_USAGE = YES_ERROR;
				CLANG_WARN_EMPTY_BODY = YES;
				CLANG_WARN_ENUM_CONVERSION = YES;
				CLANG_WARN_INT_CONVERSION = YES;
				CLANG_WARN_OBJC_ROOT_CLASS = YES_ERROR;
				CLANG_WARN_UNREACHABLE_CODE = YES;
				CLANG_WARN__DUPLICATE_METHOD_MATCH = YES;
				"CODE_SIGN_IDENTITY[sdk=iphoneos*]" = "iPhone Developer";
				COPY_PHASE_STRIP = NO;
				DEBUG_INFORMATION_FORMAT = dwarf;
				ENABLE_STRICT_OBJC_MSGSEND = YES;
				ENABLE_TESTABILITY = YES;
				GCC_C_LANGUAGE_STANDARD = gnu99;
				GCC_DYNAMIC_NO_PIC = NO;
				GCC_NO_COMMON_BLOCKS = YES;
				GCC_OPTIMIZATION_LEVEL = 0;
				GCC_PREPROCESSOR_DEFINITIONS = (
					"DEBUG=1",
					"$(inherited)",
				);
				GCC_WARN_64_TO_32_BIT_CONVERSION = YES;
				GCC_WARN_ABOUT_RETURN_TYPE = YES_ERROR;
				GCC_WARN_UNDECLARED_SELECTOR = YES;
				GCC_WARN_UNINITIALIZED_AUTOS = YES_AGGRESSIVE;
				GCC_WARN_UNUSED_FUNCTION = YES;
				GCC_WARN_UNUSED_VARIABLE = YES;
				IPHONEOS_DEPLOYMENT_TARGET = 9.3;
				MTL_ENABLE_DEBUG_INFO = YES;
				ONLY_ACTIVE_ARCH = YES;
				SDKROOT = iphoneos;
			};
			name = Debug;
		};
		AAFC364D1D6D1AC9003AAA5D /* Release */ = {
			isa = XCBuildConfiguration;
			buildSettings = {
				ALWAYS_SEARCH_USER_PATHS = NO;
				CLANG_ANALYZER_NONNULL = YES;
				CLANG_CXX_LANGUAGE_STANDARD = "gnu++0x";
				CLANG_CXX_LIBRARY = "libc++";
				CLANG_ENABLE_MODULES = YES;
				CLANG_ENABLE_OBJC_ARC = YES;
				CLANG_WARN_BOOL_CONVERSION = YES;
				CLANG_WARN_CONSTANT_CONVERSION = YES;
				CLANG_WARN_DIRECT_OBJC_ISA_USAGE = YES_ERROR;
				CLANG_WARN_EMPTY_BODY = YES;
				CLANG_WARN_ENUM_CONVERSION = YES;
				CLANG_WARN_INT_CONVERSION = YES;
				CLANG_WARN_OBJC_ROOT_CLASS = YES_ERROR;
				CLANG_WARN_UNREACHABLE_CODE = YES;
				CLANG_WARN__DUPLICATE_METHOD_MATCH = YES;
				"CODE_SIGN_IDENTITY[sdk=iphoneos*]" = "iPhone Developer";
				COPY_PHASE_STRIP = NO;
				DEBUG_INFORMATION_FORMAT = "dwarf-with-dsym";
				ENABLE_NS_ASSERTIONS = NO;
				ENABLE_STRICT_OBJC_MSGSEND = YES;
				GCC_C_LANGUAGE_STANDARD = gnu99;
				GCC_NO_COMMON_BLOCKS = YES;
				GCC_WARN_64_TO_32_BIT_CONVERSION = YES;
				GCC_WARN_ABOUT_RETURN_TYPE = YES_ERROR;
				GCC_WARN_UNDECLARED_SELECTOR = YES;
				GCC_WARN_UNINITIALIZED_AUTOS = YES_AGGRESSIVE;
				GCC_WARN_UNUSED_FUNCTION = YES;
				GCC_WARN_UNUSED_VARIABLE = YES;
				IPHONEOS_DEPLOYMENT_TARGET = 9.3;
				MTL_ENABLE_DEBUG_INFO = NO;
				SDKROOT = iphoneos;
				VALIDATE_PRODUCT = YES;
			};
			name = Release;
		};
		AAFC364F1D6D1AC9003AAA5D /* Debug */ = {
			isa = XCBuildConfiguration;
			buildSettings = {
				ASSETCATALOG_COMPILER_APPICON_NAME = AppIcon;
				INFOPLIST_FILE = GastoHormiga/Info.plist;
				LD_RUNPATH_SEARCH_PATHS = "$(inherited) @executable_path/Frameworks";
				PRODUCT_BUNDLE_IDENTIFIER = com.barragan.GastoHormiga;
				PRODUCT_NAME = "$(TARGET_NAME)";
			};
			name = Debug;
		};
		AAFC36501D6D1AC9003AAA5D /* Release */ = {
			isa = XCBuildConfiguration;
			buildSettings = {
				ASSETCATALOG_COMPILER_APPICON_NAME = AppIcon;
				INFOPLIST_FILE = GastoHormiga/Info.plist;
				LD_RUNPATH_SEARCH_PATHS = "$(inherited) @executable_path/Frameworks";
				PRODUCT_BUNDLE_IDENTIFIER = com.barragan.GastoHormiga;
				PRODUCT_NAME = "$(TARGET_NAME)";
			};
			name = Release;
		};
/* End XCBuildConfiguration section */

/* Begin XCConfigurationList section */
		AAFC362F1D6D1AC8003AAA5D /* Build configuration list for PBXProject "GastoHormiga" */ = {
			isa = XCConfigurationList;
			buildConfigurations = (
				AAFC364C1D6D1AC9003AAA5D /* Debug */,
				AAFC364D1D6D1AC9003AAA5D /* Release */,
			);
			defaultConfigurationIsVisible = 0;
			defaultConfigurationName = Release;
		};
		AAFC364E1D6D1AC9003AAA5D /* Build configuration list for PBXNativeTarget "GastoHormiga" */ = {
			isa = XCConfigurationList;
			buildConfigurations = (
				AAFC364F1D6D1AC9003AAA5D /* Debug */,
				AAFC36501D6D1AC9003AAA5D /* Release */,
			);
			defaultConfigurationIsVisible = 0;
		};
/* End XCConfigurationList section */

/* Begin XCVersionGroup section */
		AAFC36431D6D1AC9003AAA5D /* GastoHormiga.xcdatamodeld */ = {
			isa = XCVersionGroup;
			children = (
				AAFC36441D6D1AC9003AAA5D /* GastoHormiga.xcdatamodel */,
			);
			currentVersion = AAFC36441D6D1AC9003AAA5D /* GastoHormiga.xcdatamodel */;
			path = GastoHormiga.xcdatamodeld;
			sourceTree = "<group>";
			versionGroupType = wrapper.xcdatamodel;
		};
/* End XCVersionGroup section */
	};
	rootObject = AAFC362C1D6D1AC8003AAA5D /* Project object */;
}
